
Microsoft Visual Studio Solution File, Format Version 12.00
# Visual Studio 15
VisualStudioVersion = 15.0.27703.2042
MinimumVisualStudioVersion = 10.0.40219.1
Project("{FAE04EC0-301F-11D3-BF4B-00C04F79EFBC}") = "X330Backlight", "X330Backlight\X330Backlight.csproj", "{698C87EF-B6EE-4BB3-B65D-49256329A447}"
EndProject
Project("{FAE04EC0-301F-11D3-BF4B-00C04F79EFBC}") = "AutoStart", "Tools\AutoStart\AutoStart.csproj", "{4AC53552-84DA-4A9C-9152-F4F3B1F9331E}"
EndProject
Global
	GlobalSection(SolutionConfigurationPlatforms) = preSolution
		Debug|x86 = Debug|x86
		Release|x86 = Release|x86
	EndGlobalSection
	GlobalSection(ProjectConfigurationPlatforms) = postSolution
		{698C87EF-B6EE-4BB3-B65D-49256329A447}.Debug|x86.ActiveCfg = Debug|x86
		{698C87EF-B6EE-4BB3-B65D-49256329A447}.Debug|x86.Build.0 = Debug|x86
		{698C87EF-B6EE-4BB3-B65D-49256329A447}.Release|x86.ActiveCfg = Release|x86
		{698C87EF-B6EE-4BB3-B65D-49256329A447}.Release|x86.Build.0 = Release|x86
		{4AC53552-84DA-4A9C-9152-F4F3B1F9331E}.Debug|x86.ActiveCfg = Debug|x86
		{4AC53552-84DA-4A9C-9152-F4F3B1F9331E}.Debug|x86.Build.0 = Debug|x86
		{4AC53552-84DA-4A9C-9152-F4F3B1F9331E}.Release|x86.ActiveCfg = Release|x86
		{4AC53552-84DA-4A9C-9152-F4F3B1F9331E}.Release|x86.Build.0 = Release|x86
	EndGlobalSection
	GlobalSection(SolutionProperties) = preSolution
		HideSolutionNode = FALSE
	EndGlobalSection
	GlobalSection(ExtensibilityGlobals) = postSolution
		SolutionGuid = {A7CBC47C-8A84-40FB-A141-FC64053F60F0}
	EndGlobalSection
EndGlobal
